
Microsoft Visual Studio Solution File, Format Version 10.00
# Visual Studio 2008
Project("{FAE04EC0-301F-11D3-BF4B-00C04F79EFBC}") = "Garbe.Sound", "Garbe.Sound.csproj", "{0F8A7276-C03E-4DBA-8050-E69F12DF2F3D}"
EndProject
Global
	GlobalSection(SolutionConfigurationPlatforms) = preSolution
		Debug|Any CPU = Debug|Any CPU
		Release|Any CPU = Release|Any CPU
	EndGlobalSection
	GlobalSection(ProjectConfigurationPlatforms) = postSolution
		{0F8A7276-C03E-4DBA-8050-E69F12DF2F3D}.Debug|Any CPU.ActiveCfg = Debug|Any CPU
		{0F8A7276-C03E-4DBA-8050-E69F12DF2F3D}.Debug|Any CPU.Build.0 = Debug|Any CPU
		{0F8A7276-C03E-4DBA-8050-E69F12DF2F3D}.Release|Any CPU.ActiveCfg = Release|Any CPU
		{0F8A7276-C03E-4DBA-8050-E69F12DF2F3D}.Release|Any CPU.Build.0 = Release|Any CPU
	EndGlobalSection
	GlobalSection(SolutionProperties) = preSolution
		HideSolutionNode = FALSE
	EndGlobalSection
EndGlobal
